
Microsoft Visual Studio Solution File, Format Version 12.00
# Visual Studio Version 16
VisualStudioVersion = 16.0.30804.86
MinimumVisualStudioVersion = 10.0.40219.1
Project("{FAE04EC0-301F-11D3-BF4B-00C04F79EFBC}") = "Sorting Algorithms", "Sorting Algorithms\Sorting Algorithms.csproj", "{4ED9E931-6E57-4325-9920-16DBC0005272}"
EndProject
Global
	GlobalSection(SolutionConfigurationPlatforms) = preSolution
		Debug|Any CPU = Debug|Any CPU
		Release|Any CPU = Release|Any CPU
	EndGlobalSection
	GlobalSection(ProjectConfigurationPlatforms) = postSolution
		{4ED9E931-6E57-4325-9920-16DBC0005272}.Debug|Any CPU.ActiveCfg = Debug|Any CPU
		{4ED9E931-6E57-4325-9920-16DBC0005272}.Debug|Any CPU.Build.0 = Debug|Any CPU
		{4ED9E931-6E57-4325-9920-16DBC0005272}.Release|Any CPU.ActiveCfg = Release|Any CPU
		{4ED9E931-6E57-4325-9920-16DBC0005272}.Release|Any CPU.Build.0 = Release|Any CPU
	EndGlobalSection
	GlobalSection(SolutionProperties) = preSolution
		HideSolutionNode = FALSE
	EndGlobalSection
	GlobalSection(ExtensibilityGlobals) = postSolution
		SolutionGuid = {DA45FF7B-14DB-4626-BE14-CCD67D220B54}
	EndGlobalSection
EndGlobal
