
Microsoft Visual Studio Solution File, Format Version 12.00
# Visual Studio Version 16
VisualStudioVersion = 16.0.30804.86
MinimumVisualStudioVersion = 10.0.40219.1
Project("{FAE04EC0-301F-11D3-BF4B-00C04F79EFBC}") = "Students", "Students\Students.csproj", "{D785CC49-1C53-463A-A614-F62E7472FF84}"
EndProject
Global
	GlobalSection(SolutionConfigurationPlatforms) = preSolution
		Debug|Any CPU = Debug|Any CPU
		Release|Any CPU = Release|Any CPU
	EndGlobalSection
	GlobalSection(ProjectConfigurationPlatforms) = postSolution
		{D785CC49-1C53-463A-A614-F62E7472FF84}.Debug|Any CPU.ActiveCfg = Debug|Any CPU
		{D785CC49-1C53-463A-A614-F62E7472FF84}.Debug|Any CPU.Build.0 = Debug|Any CPU
		{D785CC49-1C53-463A-A614-F62E7472FF84}.Release|Any CPU.ActiveCfg = Release|Any CPU
		{D785CC49-1C53-463A-A614-F62E7472FF84}.Release|Any CPU.Build.0 = Release|Any CPU
	EndGlobalSection
	GlobalSection(SolutionProperties) = preSolution
		HideSolutionNode = FALSE
	EndGlobalSection
	GlobalSection(ExtensibilityGlobals) = postSolution
		SolutionGuid = {24FF7664-2FB1-4E1A-A4A1-3A29D6B2AB2E}
	EndGlobalSection
EndGlobal
