
Microsoft Visual Studio Solution File, Format Version 12.00
# Visual Studio Version 16
VisualStudioVersion = 16.0.30503.244
MinimumVisualStudioVersion = 10.0.40219.1
Project("{9A19103F-16F7-4668-BE54-9A1E7A4F7556}") = "Homework-09-12-2020", "Homework-09-12-2020\Homework-09-12-2020.csproj", "{797C31D3-B5E5-4223-B4C8-B66C8CE11CEB}"
EndProject
Project("{FAE04EC0-301F-11D3-BF4B-00C04F79EFBC}") = "Christmas Tree", "Christmas Tree\Christmas Tree.csproj", "{0B01FF11-E881-43C1-952A-56882956A4B6}"
EndProject
Global
	GlobalSection(SolutionConfigurationPlatforms) = preSolution
		Debug|Any CPU = Debug|Any CPU
		Release|Any CPU = Release|Any CPU
	EndGlobalSection
	GlobalSection(ProjectConfigurationPlatforms) = postSolution
		{797C31D3-B5E5-4223-B4C8-B66C8CE11CEB}.Debug|Any CPU.ActiveCfg = Debug|Any CPU
		{797C31D3-B5E5-4223-B4C8-B66C8CE11CEB}.Debug|Any CPU.Build.0 = Debug|Any CPU
		{797C31D3-B5E5-4223-B4C8-B66C8CE11CEB}.Release|Any CPU.ActiveCfg = Release|Any CPU
		{797C31D3-B5E5-4223-B4C8-B66C8CE11CEB}.Release|Any CPU.Build.0 = Release|Any CPU
		{0B01FF11-E881-43C1-952A-56882956A4B6}.Debug|Any CPU.ActiveCfg = Debug|Any CPU
		{0B01FF11-E881-43C1-952A-56882956A4B6}.Debug|Any CPU.Build.0 = Debug|Any CPU
		{0B01FF11-E881-43C1-952A-56882956A4B6}.Release|Any CPU.ActiveCfg = Release|Any CPU
		{0B01FF11-E881-43C1-952A-56882956A4B6}.Release|Any CPU.Build.0 = Release|Any CPU
	EndGlobalSection
	GlobalSection(SolutionProperties) = preSolution
		HideSolutionNode = FALSE
	EndGlobalSection
	GlobalSection(ExtensibilityGlobals) = postSolution
		SolutionGuid = {54E7E16D-4FC8-41DC-8AFA-C467673E12B1}
	EndGlobalSection
EndGlobal
