
Microsoft Visual Studio Solution File, Format Version 12.00
# Visual Studio Version 16
VisualStudioVersion = 16.0.30804.86
MinimumVisualStudioVersion = 10.0.40219.1
Project("{FAE04EC0-301F-11D3-BF4B-00C04F79EFBC}") = "01", "01\01.csproj", "{8816B1BD-708C-4169-8BA6-B68DD647D049}"
EndProject
Project("{FAE04EC0-301F-11D3-BF4B-00C04F79EFBC}") = "02", "02\02.csproj", "{C3B0D1A1-EFF2-462A-A063-04655D247F48}"
EndProject
Global
	GlobalSection(SolutionConfigurationPlatforms) = preSolution
		Debug|Any CPU = Debug|Any CPU
		Release|Any CPU = Release|Any CPU
	EndGlobalSection
	GlobalSection(ProjectConfigurationPlatforms) = postSolution
		{8816B1BD-708C-4169-8BA6-B68DD647D049}.Debug|Any CPU.ActiveCfg = Debug|Any CPU
		{8816B1BD-708C-4169-8BA6-B68DD647D049}.Debug|Any CPU.Build.0 = Debug|Any CPU
		{8816B1BD-708C-4169-8BA6-B68DD647D049}.Release|Any CPU.ActiveCfg = Release|Any CPU
		{8816B1BD-708C-4169-8BA6-B68DD647D049}.Release|Any CPU.Build.0 = Release|Any CPU
		{C3B0D1A1-EFF2-462A-A063-04655D247F48}.Debug|Any CPU.ActiveCfg = Debug|Any CPU
		{C3B0D1A1-EFF2-462A-A063-04655D247F48}.Debug|Any CPU.Build.0 = Debug|Any CPU
		{C3B0D1A1-EFF2-462A-A063-04655D247F48}.Release|Any CPU.ActiveCfg = Release|Any CPU
		{C3B0D1A1-EFF2-462A-A063-04655D247F48}.Release|Any CPU.Build.0 = Release|Any CPU
	EndGlobalSection
	GlobalSection(SolutionProperties) = preSolution
		HideSolutionNode = FALSE
	EndGlobalSection
	GlobalSection(ExtensibilityGlobals) = postSolution
		SolutionGuid = {0B13EC7B-0AAF-4D8A-9599-05E1625901AA}
	EndGlobalSection
EndGlobal
