
Microsoft Visual Studio Solution File, Format Version 12.00
# Visual Studio Version 16
VisualStudioVersion = 16.0.30804.86
MinimumVisualStudioVersion = 10.0.40219.1
Project("{9A19103F-16F7-4668-BE54-9A1E7A4F7556}") = "dates", "dates\dates.csproj", "{45E81083-A649-4D25-98FB-F2D9D318346C}"
EndProject
Project("{9A19103F-16F7-4668-BE54-9A1E7A4F7556}") = "nok and nod", "nok and nod\nok and nod.csproj", "{7D28B140-96E8-4B10-A264-3788F14D2441}"
EndProject
Project("{9A19103F-16F7-4668-BE54-9A1E7A4F7556}") = "pyramid", "pyramid\pyramid.csproj", "{C7298BB4-48FD-4CD4-82F0-8D0D5AC21604}"
EndProject
Project("{9A19103F-16F7-4668-BE54-9A1E7A4F7556}") = "inrevals", "inrevals\inrevals.csproj", "{C487095E-6CB4-4A83-94C3-BD76B841B91C}"
EndProject
Project("{FAE04EC0-301F-11D3-BF4B-00C04F79EFBC}") = "exam", "exam\exam.csproj", "{D235BB3E-FAC6-4A98-A7C3-410E68A20688}"
EndProject
Global
	GlobalSection(SolutionConfigurationPlatforms) = preSolution
		Debug|Any CPU = Debug|Any CPU
		Release|Any CPU = Release|Any CPU
	EndGlobalSection
	GlobalSection(ProjectConfigurationPlatforms) = postSolution
		{45E81083-A649-4D25-98FB-F2D9D318346C}.Debug|Any CPU.ActiveCfg = Debug|Any CPU
		{45E81083-A649-4D25-98FB-F2D9D318346C}.Debug|Any CPU.Build.0 = Debug|Any CPU
		{45E81083-A649-4D25-98FB-F2D9D318346C}.Release|Any CPU.ActiveCfg = Release|Any CPU
		{45E81083-A649-4D25-98FB-F2D9D318346C}.Release|Any CPU.Build.0 = Release|Any CPU
		{7D28B140-96E8-4B10-A264-3788F14D2441}.Debug|Any CPU.ActiveCfg = Debug|Any CPU
		{7D28B140-96E8-4B10-A264-3788F14D2441}.Debug|Any CPU.Build.0 = Debug|Any CPU
		{7D28B140-96E8-4B10-A264-3788F14D2441}.Release|Any CPU.ActiveCfg = Release|Any CPU
		{7D28B140-96E8-4B10-A264-3788F14D2441}.Release|Any CPU.Build.0 = Release|Any CPU
		{C7298BB4-48FD-4CD4-82F0-8D0D5AC21604}.Debug|Any CPU.ActiveCfg = Debug|Any CPU
		{C7298BB4-48FD-4CD4-82F0-8D0D5AC21604}.Debug|Any CPU.Build.0 = Debug|Any CPU
		{C7298BB4-48FD-4CD4-82F0-8D0D5AC21604}.Release|Any CPU.ActiveCfg = Release|Any CPU
		{C7298BB4-48FD-4CD4-82F0-8D0D5AC21604}.Release|Any CPU.Build.0 = Release|Any CPU
		{C487095E-6CB4-4A83-94C3-BD76B841B91C}.Debug|Any CPU.ActiveCfg = Debug|Any CPU
		{C487095E-6CB4-4A83-94C3-BD76B841B91C}.Debug|Any CPU.Build.0 = Debug|Any CPU
		{C487095E-6CB4-4A83-94C3-BD76B841B91C}.Release|Any CPU.ActiveCfg = Release|Any CPU
		{C487095E-6CB4-4A83-94C3-BD76B841B91C}.Release|Any CPU.Build.0 = Release|Any CPU
		{D235BB3E-FAC6-4A98-A7C3-410E68A20688}.Debug|Any CPU.ActiveCfg = Debug|Any CPU
		{D235BB3E-FAC6-4A98-A7C3-410E68A20688}.Debug|Any CPU.Build.0 = Debug|Any CPU
		{D235BB3E-FAC6-4A98-A7C3-410E68A20688}.Release|Any CPU.ActiveCfg = Release|Any CPU
		{D235BB3E-FAC6-4A98-A7C3-410E68A20688}.Release|Any CPU.Build.0 = Release|Any CPU
	EndGlobalSection
	GlobalSection(SolutionProperties) = preSolution
		HideSolutionNode = FALSE
	EndGlobalSection
	GlobalSection(ExtensibilityGlobals) = postSolution
		SolutionGuid = {C9FB4CC4-2AA5-4FAB-8415-EDF37C5AE916}
	EndGlobalSection
EndGlobal
