
Microsoft Visual Studio Solution File, Format Version 12.00
# Visual Studio 15
VisualStudioVersion = 15.0.27004.2002
MinimumVisualStudioVersion = 10.0.40219.1
Project("{FAE04EC0-301F-11D3-BF4B-00C04F79EFBC}") = "BS_game", "BS_game\BS_game.csproj", "{5EDE2ACF-F859-4FCA-A727-0355D620C40F}"
EndProject
Global
	GlobalSection(SolutionConfigurationPlatforms) = preSolution
		Debug|Any CPU = Debug|Any CPU
		Release|Any CPU = Release|Any CPU
	EndGlobalSection
	GlobalSection(ProjectConfigurationPlatforms) = postSolution
		{5EDE2ACF-F859-4FCA-A727-0355D620C40F}.Debug|Any CPU.ActiveCfg = Debug|Any CPU
		{5EDE2ACF-F859-4FCA-A727-0355D620C40F}.Debug|Any CPU.Build.0 = Debug|Any CPU
		{5EDE2ACF-F859-4FCA-A727-0355D620C40F}.Release|Any CPU.ActiveCfg = Release|Any CPU
		{5EDE2ACF-F859-4FCA-A727-0355D620C40F}.Release|Any CPU.Build.0 = Release|Any CPU
	EndGlobalSection
	GlobalSection(SolutionProperties) = preSolution
		HideSolutionNode = FALSE
	EndGlobalSection
	GlobalSection(ExtensibilityGlobals) = postSolution
		SolutionGuid = {CB0DADB3-EE74-4DFB-8DEC-43BDDAB49B1F}
	EndGlobalSection
EndGlobal
