
Microsoft Visual Studio Solution File, Format Version 12.00
# Visual Studio Version 16
VisualStudioVersion = 16.0.30804.86
MinimumVisualStudioVersion = 10.0.40219.1
Project("{FAE04EC0-301F-11D3-BF4B-00C04F79EFBC}") = "P01", "P01\P01.csproj", "{0502FA2A-F57D-4F69-B465-C8E06577B379}"
EndProject
Project("{FAE04EC0-301F-11D3-BF4B-00C04F79EFBC}") = "P02", "P02\P02.csproj", "{EC51EE86-F81A-41BB-8B68-D3ED98D37F27}"
EndProject
Global
	GlobalSection(SolutionConfigurationPlatforms) = preSolution
		Debug|Any CPU = Debug|Any CPU
		Release|Any CPU = Release|Any CPU
	EndGlobalSection
	GlobalSection(ProjectConfigurationPlatforms) = postSolution
		{0502FA2A-F57D-4F69-B465-C8E06577B379}.Debug|Any CPU.ActiveCfg = Debug|Any CPU
		{0502FA2A-F57D-4F69-B465-C8E06577B379}.Debug|Any CPU.Build.0 = Debug|Any CPU
		{0502FA2A-F57D-4F69-B465-C8E06577B379}.Release|Any CPU.ActiveCfg = Release|Any CPU
		{0502FA2A-F57D-4F69-B465-C8E06577B379}.Release|Any CPU.Build.0 = Release|Any CPU
		{EC51EE86-F81A-41BB-8B68-D3ED98D37F27}.Debug|Any CPU.ActiveCfg = Debug|Any CPU
		{EC51EE86-F81A-41BB-8B68-D3ED98D37F27}.Debug|Any CPU.Build.0 = Debug|Any CPU
		{EC51EE86-F81A-41BB-8B68-D3ED98D37F27}.Release|Any CPU.ActiveCfg = Release|Any CPU
		{EC51EE86-F81A-41BB-8B68-D3ED98D37F27}.Release|Any CPU.Build.0 = Release|Any CPU
	EndGlobalSection
	GlobalSection(SolutionProperties) = preSolution
		HideSolutionNode = FALSE
	EndGlobalSection
	GlobalSection(ExtensibilityGlobals) = postSolution
		SolutionGuid = {D7B5D7D2-9991-4BC2-A662-139222AE7D85}
	EndGlobalSection
EndGlobal
