
Microsoft Visual Studio Solution File, Format Version 12.00
# Visual Studio Version 16
VisualStudioVersion = 16.0.30503.244
MinimumVisualStudioVersion = 10.0.40219.1
Project("{FAE04EC0-301F-11D3-BF4B-00C04F79EFBC}") = "MovingBuddy", "MovingBuddy\MovingBuddy.csproj", "{09D3B86E-0A35-4F0D-9D03-2140C0D7679C}"
EndProject
Global
	GlobalSection(SolutionConfigurationPlatforms) = preSolution
		Debug|Any CPU = Debug|Any CPU
		Release|Any CPU = Release|Any CPU
	EndGlobalSection
	GlobalSection(ProjectConfigurationPlatforms) = postSolution
		{09D3B86E-0A35-4F0D-9D03-2140C0D7679C}.Debug|Any CPU.ActiveCfg = Debug|Any CPU
		{09D3B86E-0A35-4F0D-9D03-2140C0D7679C}.Debug|Any CPU.Build.0 = Debug|Any CPU
		{09D3B86E-0A35-4F0D-9D03-2140C0D7679C}.Release|Any CPU.ActiveCfg = Release|Any CPU
		{09D3B86E-0A35-4F0D-9D03-2140C0D7679C}.Release|Any CPU.Build.0 = Release|Any CPU
	EndGlobalSection
	GlobalSection(SolutionProperties) = preSolution
		HideSolutionNode = FALSE
	EndGlobalSection
	GlobalSection(ExtensibilityGlobals) = postSolution
		SolutionGuid = {C2AFFD55-7FED-4281-953F-2415151694F4}
	EndGlobalSection
EndGlobal
